<?xml version="1.0" encoding="utf-8"?>
<Project ToolsVersion="4.0" xmlns="http://schemas.microsoft.com/developer/msbuild/2003">
  <ItemGroup>
    <Filter Include="Source Files">
      <UniqueIdentifier>{4FC737F1-C7A5-4376-A066-2A32D752A2FF}</UniqueIdentifier>
      <Extensions>cpp;c;cc;cxx;c++;cppm;ixx;def;odl;idl;hpj;bat;asm;asmx</Extensions>
    </Filter>
    <Filter Include="Header Files">
      <UniqueIdentifier>{93995380-89BD-4b04-88EB-625FBE52EBFB}</UniqueIdentifier>
      <Extensions>h;hh;hpp;hxx;h++;hm;inl;inc;ipp;xsd</Extensions>
    </Filter>
    <Filter Include="Resource Files">
      <UniqueIdentifier>{67DA6AB6-F800-4c08-8B7A-83BB121AAD01}</UniqueIdentifier>
      <Extensions>rc;ico;cur;bmp;dlg;rc2;rct;bin;rgs;gif;jpg;jpeg;jpe;resx;tiff;tif;png;wav;mfcribbon-ms</Extensions>
    </Filter>
    <Filter Include="Source Files\win">
      <UniqueIdentifier>{f057d91d-1c0c-4e17-b039-c1c88b297db2}</UniqueIdentifier>
    </Filter>
    <Filter Include="Source Files\animation">
      <UniqueIdentifier>{ee20faaf-39f0-4684-9979-479cadfec9ef}</UniqueIdentifier>
    </Filter>
    <Filter Include="Source Files\animation\input">
      <UniqueIdentifier>{82c6ead6-28bd-4289-a39c-f203b7d9e325}</UniqueIdentifier>
    </Filter>
    <Filter Include="Source Files\animation\render">
      <UniqueIdentifier>{04f98d0c-ad58-4a4d-8205-d949c44cccda}</UniqueIdentifier>
    </Filter>
    <Filter Include="Source Files\utility">
      <UniqueIdentifier>{5db7bf1a-d659-494a-9e1f-2af38c990ab6}</UniqueIdentifier>
    </Filter>
    <Filter Include="Source Files\utility\threads_pool">
      <UniqueIdentifier>{bf11868e-f11e-4f69-8983-14510ce59b00}</UniqueIdentifier>
    </Filter>
    <Filter Include="Source Files\utility\physics">
      <UniqueIdentifier>{c2b0d02e-5a42-4fe4-a069-a07ae96c9cb1}</UniqueIdentifier>
    </Filter>
    <Filter Include="Source Files\utility\images">
      <UniqueIdentifier>{cf052b70-0039-4db0-a4fa-97c4c24b2a0f}</UniqueIdentifier>
    </Filter>
  </ItemGroup>
  <ItemGroup>
    <ClCompile Include="src\win\win.cpp">
      <Filter>Source Files\win</Filter>
    </ClCompile>
    <ClCompile Include="src\win\winmsg.cpp">
      <Filter>Source Files\win</Filter>
    </ClCompile>
    <ClCompile Include="src\pch.cpp">
      <Filter>Source Files</Filter>
    </ClCompile>
    <ClCompile Include="src\main.cpp">
      <Filter>Source Files</Filter>
    </ClCompile>
    <ClCompile Include="src\anim\anim.cpp">
      <Filter>Source Files\animation</Filter>
    </ClCompile>
    <ClCompile Include="src\render\render.cpp">
      <Filter>Source Files\animation\render</Filter>
    </ClCompile>
    <ClCompile Include="src\utility\physics\ef_force_lines.cpp">
      <Filter>Source Files\utility\physics</Filter>
    </ClCompile>
    <ClCompile Include="src\utility\images\image.cpp">
      <Filter>Source Files\utility\images</Filter>
    </ClCompile>
  </ItemGroup>
  <ItemGroup>
    <ClInclude Include="src\win\win.h">
      <Filter>Source Files\win</Filter>
    </ClInclude>
    <ClInclude Include="src\pch.h">
      <Filter>Source Files</Filter>
    </ClInclude>
    <ClInclude Include="src\def.h">
      <Filter>Source Files</Filter>
    </ClInclude>
    <ClInclude Include="src\anim\anim.h">
      <Filter>Source Files\animation</Filter>
    </ClInclude>
    <ClInclude Include="src\anim\input\input.h">
      <Filter>Source Files\animation\input</Filter>
    </ClInclude>
    <ClInclude Include="src\anim\input\joystick.h">
      <Filter>Source Files\animation\input</Filter>
    </ClInclude>
    <ClInclude Include="src\anim\input\keyboard.h">
      <Filter>Source Files\animation\input</Filter>
    </ClInclude>
    <ClInclude Include="src\anim\input\mouse.h">
      <Filter>Source Files\animation\input</Filter>
    </ClInclude>
    <ClInclude Include="src\render\render.h">
      <Filter>Source Files\animation\render</Filter>
    </ClInclude>
    <ClInclude Include="res\resource.h">
      <Filter>Header Files</Filter>
    </ClInclude>
    <ClInclude Include="src\utility\threads_pool\threads_pool.hpp">
      <Filter>Source Files\utility\threads_pool</Filter>
    </ClInclude>
    <ClInclude Include="src\utility\physics\ef_force_lines.h">
      <Filter>Source Files\utility\physics</Filter>
    </ClInclude>
    <ClInclude Include="src\utility\physics\physics_def.h">
      <Filter>Source Files\utility\physics</Filter>
    </ClInclude>
    <ClInclude Include="Z:\!School\ElectricFieldVisual\src\utility\images\image_def.h">
      <Filter>Source Files\utility\images</Filter>
    </ClInclude>
    <ClInclude Include="Z:\!School\ElectricFieldVisual\src\utility\images\image_save.hpp">
      <Filter>Source Files\utility\images</Filter>
    </ClInclude>
  </ItemGroup>
  <ItemGroup>
    <ResourceCompile Include="res\ElectricFieldVisual.rc">
      <Filter>Resource Files</Filter>
    </ResourceCompile>
  </ItemGroup>
  <ItemGroup>
    <Image Include="res\bitmap_logo_help.bmp">
      <Filter>Resource Files</Filter>
    </Image>
  </ItemGroup>
</Project>